
Microsoft Visual Studio Solution File, Format Version 12.00
# Visual Studio Version 16
VisualStudioVersion = 16.0.29709.97
MinimumVisualStudioVersion = 10.0.40219.1
Project("{9A19103F-16F7-4668-BE54-9A1E7A4F7556}") = "BusinessLayer", "ClassLibrary1\BusinessLayer.csproj", "{C2CC4137-9547-4856-BEDF-6B6BBBA5B655}"
EndProject
Project("{FAE04EC0-301F-11D3-BF4B-00C04F79EFBC}") = "GUI", "GUI\GUI.csproj", "{C13D6E06-07CA-4CB3-A1E3-318558191341}"
EndProject
Global
	GlobalSection(SolutionConfigurationPlatforms) = preSolution
		Debug|Any CPU = Debug|Any CPU
		Release|Any CPU = Release|Any CPU
	EndGlobalSection
	GlobalSection(ProjectConfigurationPlatforms) = postSolution
		{C2CC4137-9547-4856-BEDF-6B6BBBA5B655}.Debug|Any CPU.ActiveCfg = Debug|Any CPU
		{C2CC4137-9547-4856-BEDF-6B6BBBA5B655}.Debug|Any CPU.Build.0 = Debug|Any CPU
		{C2CC4137-9547-4856-BEDF-6B6BBBA5B655}.Release|Any CPU.ActiveCfg = Release|Any CPU
		{C2CC4137-9547-4856-BEDF-6B6BBBA5B655}.Release|Any CPU.Build.0 = Release|Any CPU
		{C13D6E06-07CA-4CB3-A1E3-318558191341}.Debug|Any CPU.ActiveCfg = Debug|Any CPU
		{C13D6E06-07CA-4CB3-A1E3-318558191341}.Debug|Any CPU.Build.0 = Debug|Any CPU
		{C13D6E06-07CA-4CB3-A1E3-318558191341}.Release|Any CPU.ActiveCfg = Release|Any CPU
		{C13D6E06-07CA-4CB3-A1E3-318558191341}.Release|Any CPU.Build.0 = Release|Any CPU
	EndGlobalSection
	GlobalSection(SolutionProperties) = preSolution
		HideSolutionNode = FALSE
	EndGlobalSection
	GlobalSection(ExtensibilityGlobals) = postSolution
		SolutionGuid = {F2143132-BBA2-4285-ACBC-D83F7A1A2925}
	EndGlobalSection
EndGlobal
